// !$*UTF8*$!
{
	archiveVersion = 1;
	classes = {
	};
	objectVersion = 46;
	objects = {

/* Begin PBXBuildFile section */
		1D72F22F1FA7103F00DED5E2 /* DecimalNumHelper.m in Sources */ = {isa = PBXBuildFile; fileRef = 1D72F22E1FA7103F00DED5E2 /* DecimalNumHelper.m */; };
		1D72F2321FA7155300DED5E2 /* DecimalNumHelper-Swift.swift in Sources */ = {isa = PBXBuildFile; fileRef = 1D72F2311FA7155300DED5E2 /* DecimalNumHelper-Swift.swift */; };
		B4CD18F11DBDB6FB005B8491 /* main.m in Sources */ = {isa = PBXBuildFile; fileRef = B4CD18F01DBDB6FB005B8491 /* main.m */; };
		B4CD18F41DBDB6FC005B8491 /* AppDelegate.m in Sources */ = {isa = PBXBuildFile; fileRef = B4CD18F31DBDB6FC005B8491 /* AppDelegate.m */; };
		B4CD18F71DBDB6FC005B8491 /* ViewController.m in Sources */ = {isa = PBXBuildFile; fileRef = B4CD18F61DBDB6FC005B8491 /* ViewController.m */; };
		B4CD18FA1DBDB6FC005B8491 /* Main.storyboard in Resources */ = {isa = PBXBuildFile; fileRef = B4CD18F81DBDB6FC005B8491 /* Main.storyboard */; };
		B4CD18FC1DBDB6FC005B8491 /* Assets.xcassets in Resources */ = {isa = PBXBuildFile; fileRef = B4CD18FB1DBDB6FC005B8491 /* Assets.xcassets */; };
		B4CD18FF1DBDB6FC005B8491 /* LaunchScreen.storyboard in Resources */ = {isa = PBXBuildFile; fileRef = B4CD18FD1DBDB6FC005B8491 /* LaunchScreen.storyboard */; };
/* End PBXBuildFile section */

/* Begin PBXFileReference section */
		1D72F22D1FA7103F00DED5E2 /* DecimalNumHelper.h */ = {isa = PBXFileReference; lastKnownFileType = sourcecode.c.h; path = DecimalNumHelper.h; sourceTree = "<group>"; };
		1D72F22E1FA7103F00DED5E2 /* DecimalNumHelper.m */ = {isa = PBXFileReference; lastKnownFileType = sourcecode.c.objc; path = DecimalNumHelper.m; sourceTree = "<group>"; };
		1D72F2301FA7155300DED5E2 /* DecimalTextFieldDemo-Bridging-Header.h */ = {isa = PBXFileReference; lastKnownFileType = sourcecode.c.h; path = "DecimalTextFieldDemo-Bridging-Header.h"; sourceTree = "<group>"; };
		1D72F2311FA7155300DED5E2 /* DecimalNumHelper-Swift.swift */ = {isa = PBXFileReference; lastKnownFileType = sourcecode.swift; path = "DecimalNumHelper-Swift.swift"; sourceTree = "<group>"; };
		B4CD18EC1DBDB6FB005B8491 /* DecimalTextFieldDemo.app */ = {isa = PBXFileReference; explicitFileType = wrapper.application; includeInIndex = 0; path = DecimalTextFieldDemo.app; sourceTree = BUILT_PRODUCTS_DIR; };
		B4CD18F01DBDB6FB005B8491 /* main.m */ = {isa = PBXFileReference; lastKnownFileType = sourcecode.c.objc; path = main.m; sourceTree = "<group>"; };
		B4CD18F21DBDB6FB005B8491 /* AppDelegate.h */ = {isa = PBXFileReference; lastKnownFileType = sourcecode.c.h; path = AppDelegate.h; sourceTree = "<group>"; };
		B4CD18F31DBDB6FC005B8491 /* AppDelegate.m */ = {isa = PBXFileReference; lastKnownFileType = sourcecode.c.objc; path = AppDelegate.m; sourceTree = "<group>"; };
		B4CD18F51DBDB6FC005B8491 /* ViewController.h */ = {isa = PBXFileReference; lastKnownFileType = sourcecode.c.h; path = ViewController.h; sourceTree = "<group>"; };
		B4CD18F61DBDB6FC005B8491 /* ViewController.m */ = {isa = PBXFileReference; lastKnownFileType = sourcecode.c.objc; path = ViewController.m; sourceTree = "<group>"; };
		B4CD18F91DBDB6FC005B8491 /* Base */ = {isa = PBXFileReference; lastKnownFileType = file.storyboard; name = Base; path = Base.lproj/Main.storyboard; sourceTree = "<group>"; };
		B4CD18FB1DBDB6FC005B8491 /* Assets.xcassets */ = {isa = PBXFileReference; lastKnownFileType = folder.assetcatalog; path = Assets.xcassets; sourceTree = "<group>"; };
		B4CD18FE1DBDB6FC005B8491 /* Base */ = {isa = PBXFileReference; lastKnownFileType = file.storyboard; name = Base; path = Base.lproj/LaunchScreen.storyboard; sourceTree = "<group>"; };
		B4CD19001DBDB6FC005B8491 /* Info.plist */ = {isa = PBXFileReference; lastKnownFileType = text.plist.xml; path = Info.plist; sourceTree = "<group>"; };
/* End PBXFileReference section */

/* Begin PBXFrameworksBuildPhase section */
		B4CD18E91DBDB6FB005B8491 /* Frameworks */ = {
			isa = PBXFrameworksBuildPhase;
			buildActionMask = 2147483647;
			files = (
			);
			runOnlyForDeploymentPostprocessing = 0;
		};
/* End PBXFrameworksBuildPhase section */

/* Begin PBXGroup section */
		1D72F22C1FA7103700DED5E2 /* DecimalNumHelper */ = {
			isa = PBXGroup;
			children = (
				1D72F22D1FA7103F00DED5E2 /* DecimalNumHelper.h */,
				1D72F22E1FA7103F00DED5E2 /* DecimalNumHelper.m */,
				1D72F2311FA7155300DED5E2 /* DecimalNumHelper-Swift.swift */,
				1D72F2301FA7155300DED5E2 /* DecimalTextFieldDemo-Bridging-Header.h */,
			);
			path = DecimalNumHelper;
			sourceTree = "<group>";
		};
		B4CD18E31DBDB6FB005B8491 = {
			isa = PBXGroup;
			children = (
				B4CD18EE1DBDB6FB005B8491 /* DecimalTextFieldDemo */,
				B4CD18ED1DBDB6FB005B8491 /* Products */,
			);
			sourceTree = "<group>";
		};
		B4CD18ED1DBDB6FB005B8491 /* Products */ = {
			isa = PBXGroup;
			children = (
				B4CD18EC1DBDB6FB005B8491 /* DecimalTextFieldDemo.app */,
			);
			name = Products;
			sourceTree = "<group>";
		};
		B4CD18EE1DBDB6FB005B8491 /* DecimalTextFieldDemo */ = {
			isa = PBXGroup;
			children = (
				1D72F22C1FA7103700DED5E2 /* DecimalNumHelper */,
				B4CD18F21DBDB6FB005B8491 /* AppDelegate.h */,
				B4CD18F31DBDB6FC005B8491 /* AppDelegate.m */,
				B4CD18F51DBDB6FC005B8491 /* ViewController.h */,
				B4CD18F61DBDB6FC005B8491 /* ViewController.m */,
				B4CD18F81DBDB6FC005B8491 /* Main.storyboard */,
				B4CD18FB1DBDB6FC005B8491 /* Assets.xcassets */,
				B4CD18FD1DBDB6FC005B8491 /* LaunchScreen.storyboard */,
				B4CD19001DBDB6FC005B8491 /* Info.plist */,
				B4CD18EF1DBDB6FB005B8491 /* Supporting Files */,
			);
			path = DecimalTextFieldDemo;
			sourceTree = "<group>";
		};
		B4CD18EF1DBDB6FB005B8491 /* Supporting Files */ = {
			isa = PBXGroup;
			children = (
				B4CD18F01DBDB6FB005B8491 /* main.m */,
			);
			name = "Supporting Files";
			sourceTree = "<group>";
		};
/* End PBXGroup section */

/* Begin PBXNativeTarget section */
		B4CD18EB1DBDB6FB005B8491 /* DecimalTextFieldDemo */ = {
			isa = PBXNativeTarget;
			buildConfigurationList = B4CD19031DBDB6FC005B8491 /* Build configuration list for PBXNativeTarget "DecimalTextFieldDemo" */;
			buildPhases = (
				B4CD18E81DBDB6FB005B8491 /* Sources */,
				B4CD18E91DBDB6FB005B8491 /* Frameworks */,
				B4CD18EA1DBDB6FB005B8491 /* Resources */,
			);
			buildRules = (
			);
			dependencies = (
			);
			name = DecimalTextFieldDemo;
			productName = DecimalTextFieldDemo;
			productReference = B4CD18EC1DBDB6FB005B8491 /* DecimalTextFieldDemo.app */;
			productType = "com.apple.product-type.application";
		};
/* End PBXNativeTarget section */

/* Begin PBXProject section */
		B4CD18E41DBDB6FB005B8491 /* Project object */ = {
			isa = PBXProject;
			attributes = {
				LastUpgradeCheck = 0800;
				ORGANIZATIONNAME = Elvist;
				TargetAttributes = {
					B4CD18EB1DBDB6FB005B8491 = {
						CreatedOnToolsVersion = 8.0;
						LastSwiftMigration = 0900;
						ProvisioningStyle = Automatic;
					};
				};
			};
			buildConfigurationList = B4CD18E71DBDB6FB005B8491 /* Build configuration list for PBXProject "DecimalTextFieldDemo" */;
			compatibilityVersion = "Xcode 3.2";
			developmentRegion = English;
			hasScannedForEncodings = 0;
			knownRegions = (
				en,
				Base,
			);
			mainGroup = B4CD18E31DBDB6FB005B8491;
			productRefGroup = B4CD18ED1DBDB6FB005B8491 /* Products */;
			projectDirPath = "";
			projectRoot = "";
			targets = (
				B4CD18EB1DBDB6FB005B8491 /* DecimalTextFieldDemo */,
			);
		};
/* End PBXProject section */

/* Begin PBXResourcesBuildPhase section */
		B4CD18EA1DBDB6FB005B8491 /* Resources */ = {
			isa = PBXResourcesBuildPhase;
			buildActionMask = 2147483647;
			files = (
				B4CD18FF1DBDB6FC005B8491 /* LaunchScreen.storyboard in Resources */,
				B4CD18FC1DBDB6FC005B8491 /* Assets.xcassets in Resources */,
				B4CD18FA1DBDB6FC005B8491 /* Main.storyboard in Resources */,
			);
			runOnlyForDeploymentPostprocessing = 0;
		};
/* End PBXResourcesBuildPhase section */

/* Begin PBXSourcesBuildPhase section */
		B4CD18E81DBDB6FB005B8491 /* Sources */ = {
			isa = PBXSourcesBuildPhase;
			buildActionMask = 2147483647;
			files = (
				1D72F22F1FA7103F00DED5E2 /* DecimalNumHelper.m in Sources */,
				1D72F2321FA7155300DED5E2 /* DecimalNumHelper-Swift.swift in Sources */,
				B4CD18F71DBDB6FC005B8491 /* ViewController.m in Sources */,
				B4CD18F41DBDB6FC005B8491 /* AppDelegate.m in Sources */,
				B4CD18F11DBDB6FB005B8491 /* main.m in Sources */,
			);
			runOnlyForDeploymentPostprocessing = 0;
		};
/* End PBXSourcesBuildPhase section */

/* Begin PBXVariantGroup section */
		B4CD18F81DBDB6FC005B8491 /* Main.storyboard */ = {
			isa = PBXVariantGroup;
			children = (
				B4CD18F91DBDB6FC005B8491 /* Base */,
			);
			name = Main.storyboard;
			sourceTree = "<group>";
		};
		B4CD18FD1DBDB6FC005B8491 /* LaunchScreen.storyboard */ = {
			isa = PBXVariantGroup;
			children = (
				B4CD18FE1DBDB6FC005B8491 /* Base */,
			);
			name = LaunchScreen.storyboard;
			sourceTree = "<group>";
		};
/* End PBXVariantGroup section */

/* Begin XCBuildConfiguration section */
		B4CD19011DBDB6FC005B8491 /* Debug */ = {
			isa = XCBuildConfiguration;
			buildSettings = {
				ALWAYS_SEARCH_USER_PATHS = NO;
				CLANG_ANALYZER_NONNULL = YES;
				CLANG_CXX_LANGUAGE_STANDARD = "gnu++0x";
				CLANG_CXX_LIBRARY = "libc++";
				CLANG_ENABLE_MODULES = YES;
				CLANG_ENABLE_OBJC_ARC = YES;
				CLANG_WARN_BOOL_CONVERSION = YES;
				CLANG_WARN_CONSTANT_CONVERSION = YES;
				CLANG_WARN_DIRECT_OBJC_ISA_USAGE = YES_ERROR;
				CLANG_WARN_DOCUMENTATION_COMMENTS = YES;
				CLANG_WARN_EMPTY_BODY = YES;
				CLANG_WARN_ENUM_CONVERSION = YES;
				CLANG_WARN_INFINITE_RECURSION = YES;
				CLANG_WARN_INT_CONVERSION = YES;
				CLANG_WARN_OBJC_ROOT_CLASS = YES_ERROR;
				CLANG_WARN_SUSPICIOUS_MOVES = YES;
				CLANG_WARN_UNREACHABLE_CODE = YES;
				CLANG_WARN__DUPLICATE_METHOD_MATCH = YES;
				"CODE_SIGN_IDENTITY[sdk=iphoneos*]" = "iPhone Developer";
				COPY_PHASE_STRIP = NO;
				DEBUG_INFORMATION_FORMAT = dwarf;
				DEFINES_MODULE = YES;
				ENABLE_STRICT_OBJC_MSGSEND = YES;
				ENABLE_TESTABILITY = YES;
				GCC_C_LANGUAGE_STANDARD = gnu99;
				GCC_DYNAMIC_NO_PIC = NO;
				GCC_NO_COMMON_BLOCKS = YES;
				GCC_OPTIMIZATION_LEVEL = 0;
				GCC_PREPROCESSOR_DEFINITIONS = (
					"DEBUG=1",
					"$(inherited)",
				);
				GCC_WARN_64_TO_32_BIT_CONVERSION = YES;
				GCC_WARN_ABOUT_RETURN_TYPE = YES_ERROR;
				GCC_WARN_UNDECLARED_SELECTOR = YES;
				GCC_WARN_UNINITIALIZED_AUTOS = YES_AGGRESSIVE;
				GCC_WARN_UNUSED_FUNCTION = YES;
				GCC_WARN_UNUSED_VARIABLE = YES;
				IPHONEOS_DEPLOYMENT_TARGET = 10.0;
				MTL_ENABLE_DEBUG_INFO = YES;
				ONLY_ACTIVE_ARCH = YES;
				PRODUCT_MODULE_NAME = DecimalTextFieldDemo;
				SDKROOT = iphoneos;
			};
			name = Debug;
		};
		B4CD19021DBDB6FC005B8491 /* Release */ = {
			isa = XCBuildConfiguration;
			buildSettings = {
				ALWAYS_SEARCH_USER_PATHS = NO;
				CLANG_ANALYZER_NONNULL = YES;
				CLANG_CXX_LANGUAGE_STANDARD = "gnu++0x";
				CLANG_CXX_LIBRARY = "libc++";
				CLANG_ENABLE_MODULES = YES;
				CLANG_ENABLE_OBJC_ARC = YES;
				CLANG_WARN_BOOL_CONVERSION = YES;
				CLANG_WARN_CONSTANT_CONVERSION = YES;
				CLANG_WARN_DIRECT_OBJC_ISA_USAGE = YES_ERROR;
				CLANG_WARN_DOCUMENTATION_COMMENTS = YES;
				CLANG_WARN_EMPTY_BODY = YES;
				CLANG_WARN_ENUM_CONVERSION = YES;
				CLANG_WARN_INFINITE_RECURSION = YES;
				CLANG_WARN_INT_CONVERSION = YES;
				CLANG_WARN_OBJC_ROOT_CLASS = YES_ERROR;
				CLANG_WARN_SUSPICIOUS_MOVES = YES;
				CLANG_WARN_UNREACHABLE_CODE = YES;
				CLANG_WARN__DUPLICATE_METHOD_MATCH = YES;
				"CODE_SIGN_IDENTITY[sdk=iphoneos*]" = "iPhone Developer";
				COPY_PHASE_STRIP = NO;
				DEBUG_INFORMATION_FORMAT = "dwarf-with-dsym";
				DEFINES_MODULE = YES;
				ENABLE_NS_ASSERTIONS = NO;
				ENABLE_STRICT_OBJC_MSGSEND = YES;
				GCC_C_LANGUAGE_STANDARD = gnu99;
				GCC_NO_COMMON_BLOCKS = YES;
				GCC_WARN_64_TO_32_BIT_CONVERSION = YES;
				GCC_WARN_ABOUT_RETURN_TYPE = YES_ERROR;
				GCC_WARN_UNDECLARED_SELECTOR = YES;
				GCC_WARN_UNINITIALIZED_AUTOS = YES_AGGRESSIVE;
				GCC_WARN_UNUSED_FUNCTION = YES;
				GCC_WARN_UNUSED_VARIABLE = YES;
				IPHONEOS_DEPLOYMENT_TARGET = 10.0;
				MTL_ENABLE_DEBUG_INFO = NO;
				PRODUCT_MODULE_NAME = DecimalTextFieldDemo;
				SDKROOT = iphoneos;
				VALIDATE_PRODUCT = YES;
			};
			name = Release;
		};
		B4CD19041DBDB6FC005B8491 /* Debug */ = {
			isa = XCBuildConfiguration;
			buildSettings = {
				ASSETCATALOG_COMPILER_APPICON_NAME = AppIcon;
				CLANG_ENABLE_MODULES = YES;
				DEFINES_MODULE = YES;
				INFOPLIST_FILE = DecimalTextFieldDemo/Info.plist;
				IPHONEOS_DEPLOYMENT_TARGET = 8.0;
				LD_RUNPATH_SEARCH_PATHS = "$(inherited) @executable_path/Frameworks";
				PRODUCT_BUNDLE_IDENTIFIER = com.Lui.DecimalTextFieldDemo;
				PRODUCT_MODULE_NAME = DecimalTextFieldDemo;
				PRODUCT_NAME = "$(TARGET_NAME)";
				SWIFT_OBJC_BRIDGING_HEADER = "DecimalTextFieldDemo/DecimalNumHelper/DecimalTextFieldDemo-Bridging-Header.h";
				SWIFT_OPTIMIZATION_LEVEL = "-Onone";
				SWIFT_VERSION = 3.0;
			};
			name = Debug;
		};
		B4CD19051DBDB6FC005B8491 /* Release */ = {
			isa = XCBuildConfiguration;
			buildSettings = {
				ASSETCATALOG_COMPILER_APPICON_NAME = AppIcon;
				CLANG_ENABLE_MODULES = YES;
				DEFINES_MODULE = YES;
				INFOPLIST_FILE = DecimalTextFieldDemo/Info.plist;
				IPHONEOS_DEPLOYMENT_TARGET = 8.0;
				LD_RUNPATH_SEARCH_PATHS = "$(inherited) @executable_path/Frameworks";
				PRODUCT_BUNDLE_IDENTIFIER = com.Lui.DecimalTextFieldDemo;
				PRODUCT_MODULE_NAME = DecimalTextFieldDemo;
				PRODUCT_NAME = "$(TARGET_NAME)";
				SWIFT_OBJC_BRIDGING_HEADER = "DecimalTextFieldDemo/DecimalNumHelper/DecimalTextFieldDemo-Bridging-Header.h";
				SWIFT_VERSION = 3.0;
			};
			name = Release;
		};
/* End XCBuildConfiguration section */

/* Begin XCConfigurationList section */
		B4CD18E71DBDB6FB005B8491 /* Build configuration list for PBXProject "DecimalTextFieldDemo" */ = {
			isa = XCConfigurationList;
			buildConfigurations = (
				B4CD19011DBDB6FC005B8491 /* Debug */,
				B4CD19021DBDB6FC005B8491 /* Release */,
			);
			defaultConfigurationIsVisible = 0;
			defaultConfigurationName = Release;
		};
		B4CD19031DBDB6FC005B8491 /* Build configuration list for PBXNativeTarget "DecimalTextFieldDemo" */ = {
			isa = XCConfigurationList;
			buildConfigurations = (
				B4CD19041DBDB6FC005B8491 /* Debug */,
				B4CD19051DBDB6FC005B8491 /* Release */,
			);
			defaultConfigurationIsVisible = 0;
			defaultConfigurationName = Release;
		};
/* End XCConfigurationList section */
	};
	rootObject = B4CD18E41DBDB6FB005B8491 /* Project object */;
}
